{
    "_readme": [
        "This file locks the dependencies of your project to a known state",
        "Read more about it at http://getcomposer.org/doc/01-basic-usage.md#composer-lock-the-lock-file"
    ],
    "hash": "160b0c2925d0a75022aa0a4ffd145125",
    "packages": [
        {
            "name": "mustangostang/spyc",
            "version": "0.5.1",
            "source": {
                "type": "git",
                "url": "https://github.com/mustangostang/spyc.git",
                "reference": "dc4785b4d7227fd9905e086d499fb8abfadf9977"
            },
            "dist": {
                "type": "zip",
                "url": "https://api.github.com/repos/mustangostang/spyc/zipball/dc4785b4d7227fd9905e086d499fb8abfadf9977",
                "reference": "dc4785b4d7227fd9905e086d499fb8abfadf9977",
                "shasum": ""
            },
            "require": {
                "php": ">=5.3.1"
            },
            "type": "library",
            "extra": {
                "branch-alias": {
                    "dev-master": "0.5.x-dev"
                }
            },
            "autoload": {
                "files": [
                    "Spyc.php"
                ]
            },
            "notification-url": "https://packagist.org/downloads/",
            "license": [
                "MIT License"
            ],
            "authors": [
                {
                    "name": "mustangostang",
                    "email": "vlad.andersen@gmail.com"
                }
            ],
            "description": "A simple YAML loader/dumper class for PHP",
            "homepage": "https://github.com/mustangostang/spyc/",
            "keywords": [
                "spyc",
                "yaml",
                "yml"
            ],
            "time": "2013-02-21 10:52:01"
        },
        {
            "name": "torophp/torophp",
            "version": "dev-master",
            "source": {
                "type": "git",
                "url": "https://github.com/anandkunal/ToroPHP.git",
                "reference": "470ae04ab677c56162740a10b729313d8ff42379"
            },
            "dist": {
                "type": "zip",
                "url": "https://api.github.com/repos/anandkunal/ToroPHP/zipball/470ae04ab677c56162740a10b729313d8ff42379",
                "reference": "470ae04ab677c56162740a10b729313d8ff42379",
                "shasum": ""
            },
            "require": {
                "php": ">=5.3.0"
            },
            "type": "library",
            "autoload": {
                "files": [
                    "src/Toro.php"
                ]
            },
            "notification-url": "https://packagist.org/downloads/",
            "license": [
                "MIT"
            ],
            "authors": [
                {
                    "name": "Martin Bean",
                    "email": "martin@martinbean.co.uk",
                    "homepage": "http://www.martinbean.co.uk",
                    "role": "Developer"
                },
                {
                    "name": "Kunal Anand",
                    "email": "kunal.r.anand@gmail.com",
                    "homepage": "http://kunalanand.com/",
                    "role": "Developer"
                },
                {
                    "name": "Danillo César de O. Melo",
                    "email": "danillos@gmail.com",
                    "homepage": "http://www.danillocesar.com.br/",
                    "role": "Contributor"
                },
                {
                    "name": "Robbie Coleman",
                    "homepage": "http://robbie.robnrob.com",
                    "role": "Contributor"
                },
                {
                    "name": "Berker Peksag",
                    "homepage": "http://berkerpeksag.com",
                    "role": "Developer"
                },
                {
                    "name": "Jason Mooberry",
                    "homepage": "http://jasonmooberry.com/",
                    "role": "Developer"
                },
                {
                    "name": "John Kurkowski",
                    "role": "Contributor"
                }
            ],
            "description": "Toro is a PHP router for developing RESTful web applications and APIs.",
            "homepage": "http://github.com/anandkunal/ToroPHP",
            "keywords": [
                "framework",
                "php",
                "router"
            ],
            "time": "2013-09-26 13:09:42"
        }
    ],
    "packages-dev": [

    ],
    "aliases": [

    ],
    "minimum-stability": "stable",
    "stability-flags": {
        "torophp/torophp": 20
    },
    "platform": [

    ],
    "platform-dev": [

    ]
}
